
Microsoft Visual Studio Solution File, Format Version 12.00
# Visual Studio Version 17
VisualStudioVersion = 17.11.35327.3
MinimumVisualStudioVersion = 10.0.40219.1
Project("{FAE04EC0-301F-11D3-BF4B-00C04F79EFBC}") = "App-VentasCompras", "App-VentasCompras\App-VentasCompras.csproj", "{9904D1B9-8CDD-4889-94F1-F7403F77197C}"
EndProject
Global
	GlobalSection(SolutionConfigurationPlatforms) = preSolution
		Debug|Any CPU = Debug|Any CPU
		Release|Any CPU = Release|Any CPU
	EndGlobalSection
	GlobalSection(ProjectConfigurationPlatforms) = postSolution
		{9904D1B9-8CDD-4889-94F1-F7403F77197C}.Debug|Any CPU.ActiveCfg = Debug|Any CPU
		{9904D1B9-8CDD-4889-94F1-F7403F77197C}.Debug|Any CPU.Build.0 = Debug|Any CPU
		{9904D1B9-8CDD-4889-94F1-F7403F77197C}.Release|Any CPU.ActiveCfg = Release|Any CPU
		{9904D1B9-8CDD-4889-94F1-F7403F77197C}.Release|Any CPU.Build.0 = Release|Any CPU
	EndGlobalSection
	GlobalSection(SolutionProperties) = preSolution
		HideSolutionNode = FALSE
	EndGlobalSection
	GlobalSection(ExtensibilityGlobals) = postSolution
		SolutionGuid = {44179251-FFFB-4E6F-A433-3EF348D6B75A}
	EndGlobalSection
EndGlobal
